// !$*UTF8*$!
{
	archiveVersion = 1;
	classes = {
	};
	objectVersion = 48;
	objects = {

/* Begin PBXBuildFile section */
		2211A4F61F659C360024AB25 /* RNTMapManager.m in Sources */ = {isa = PBXBuildFile; fileRef = 2211A4F51F659C360024AB25 /* RNTMapManager.m */; };
		224947C11F6431F6001351F1 /* CalendarManager.m in Sources */ = {isa = PBXBuildFile; fileRef = 224947C01F6431F6001351F1 /* CalendarManager.m */; };
		224947C21F6431F6001351F1 /* CalendarManager.h in CopyFiles */ = {isa = PBXBuildFile; fileRef = 224947BF1F6431F6001351F1 /* CalendarManager.h */; };
/* End PBXBuildFile section */

/* Begin PBXCopyFilesBuildPhase section */
		224947BA1F6431F6001351F1 /* CopyFiles */ = {
			isa = PBXCopyFilesBuildPhase;
			buildActionMask = 2147483647;
			dstPath = "include/$(PRODUCT_NAME)";
			dstSubfolderSpec = 16;
			files = (
				224947C21F6431F6001351F1 /* CalendarManager.h in CopyFiles */,
			);
			runOnlyForDeploymentPostprocessing = 0;
		};
/* End PBXCopyFilesBuildPhase section */

/* Begin PBXFileReference section */
		2211A4F41F659C360024AB25 /* RNTMapManager.h */ = {isa = PBXFileReference; lastKnownFileType = sourcecode.c.h; path = RNTMapManager.h; sourceTree = "<group>"; };
		2211A4F51F659C360024AB25 /* RNTMapManager.m */ = {isa = PBXFileReference; lastKnownFileType = sourcecode.c.objc; path = RNTMapManager.m; sourceTree = "<group>"; };
		224947BC1F6431F6001351F1 /* libCalendarManager.a */ = {isa = PBXFileReference; explicitFileType = archive.ar; includeInIndex = 0; path = libCalendarManager.a; sourceTree = BUILT_PRODUCTS_DIR; };
		224947BF1F6431F6001351F1 /* CalendarManager.h */ = {isa = PBXFileReference; lastKnownFileType = sourcecode.c.h; path = CalendarManager.h; sourceTree = "<group>"; };
		224947C01F6431F6001351F1 /* CalendarManager.m */ = {isa = PBXFileReference; lastKnownFileType = sourcecode.c.objc; path = CalendarManager.m; sourceTree = "<group>"; };
/* End PBXFileReference section */

/* Begin PBXFrameworksBuildPhase section */
		224947B91F6431F6001351F1 /* Frameworks */ = {
			isa = PBXFrameworksBuildPhase;
			buildActionMask = 2147483647;
			files = (
			);
			runOnlyForDeploymentPostprocessing = 0;
		};
/* End PBXFrameworksBuildPhase section */

/* Begin PBXGroup section */
		224947B31F6431F6001351F1 = {
			isa = PBXGroup;
			children = (
				224947BE1F6431F6001351F1 /* CalendarManager */,
				224947BD1F6431F6001351F1 /* Products */,
			);
			sourceTree = "<group>";
		};
		224947BD1F6431F6001351F1 /* Products */ = {
			isa = PBXGroup;
			children = (
				224947BC1F6431F6001351F1 /* libCalendarManager.a */,
			);
			name = Products;
			sourceTree = "<group>";
		};
		224947BE1F6431F6001351F1 /* CalendarManager */ = {
			isa = PBXGroup;
			children = (
				224947BF1F6431F6001351F1 /* CalendarManager.h */,
				224947C01F6431F6001351F1 /* CalendarManager.m */,
				2211A4F41F659C360024AB25 /* RNTMapManager.h */,
				2211A4F51F659C360024AB25 /* RNTMapManager.m */,
			);
			path = CalendarManager;
			sourceTree = "<group>";
		};
/* End PBXGroup section */

/* Begin PBXNativeTarget section */
		224947BB1F6431F6001351F1 /* CalendarManager */ = {
			isa = PBXNativeTarget;
			buildConfigurationList = 224947C51F6431F6001351F1 /* Build configuration list for PBXNativeTarget "CalendarManager" */;
			buildPhases = (
				224947B81F6431F6001351F1 /* Sources */,
				224947B91F6431F6001351F1 /* Frameworks */,
				224947BA1F6431F6001351F1 /* CopyFiles */,
			);
			buildRules = (
			);
			dependencies = (
			);
			name = CalendarManager;
			productName = CalendarManager;
			productReference = 224947BC1F6431F6001351F1 /* libCalendarManager.a */;
			productType = "com.apple.product-type.library.static";
		};
/* End PBXNativeTarget section */

/* Begin PBXProject section */
		224947B41F6431F6001351F1 /* Project object */ = {
			isa = PBXProject;
			attributes = {
				LastUpgradeCheck = 0900;
				ORGANIZATIONNAME = lili;
				TargetAttributes = {
					224947BB1F6431F6001351F1 = {
						CreatedOnToolsVersion = 9.0;
					};
				};
			};
			buildConfigurationList = 224947B71F6431F6001351F1 /* Build configuration list for PBXProject "CalendarManager" */;
			compatibilityVersion = "Xcode 8.0";
			developmentRegion = en;
			hasScannedForEncodings = 0;
			knownRegions = (
				en,
			);
			mainGroup = 224947B31F6431F6001351F1;
			productRefGroup = 224947BD1F6431F6001351F1 /* Products */;
			projectDirPath = "";
			projectRoot = "";
			targets = (
				224947BB1F6431F6001351F1 /* CalendarManager */,
			);
		};
/* End PBXProject section */

/* Begin PBXSourcesBuildPhase section */
		224947B81F6431F6001351F1 /* Sources */ = {
			isa = PBXSourcesBuildPhase;
			buildActionMask = 2147483647;
			files = (
				224947C11F6431F6001351F1 /* CalendarManager.m in Sources */,
				2211A4F61F659C360024AB25 /* RNTMapManager.m in Sources */,
			);
			runOnlyForDeploymentPostprocessing = 0;
		};
/* End PBXSourcesBuildPhase section */

/* Begin XCBuildConfiguration section */
		224947C31F6431F6001351F1 /* Debug */ = {
			isa = XCBuildConfiguration;
			buildSettings = {
				ALWAYS_SEARCH_USER_PATHS = NO;
				CLANG_ANALYZER_NONNULL = YES;
				CLANG_ANALYZER_NUMBER_OBJECT_CONVERSION = YES_AGGRESSIVE;
				CLANG_CXX_LANGUAGE_STANDARD = "gnu++14";
				CLANG_CXX_LIBRARY = "libc++";
				CLANG_ENABLE_MODULES = YES;
				CLANG_ENABLE_OBJC_ARC = YES;
				CLANG_WARN_BLOCK_CAPTURE_AUTORELEASING = YES;
				CLANG_WARN_BOOL_CONVERSION = YES;
				CLANG_WARN_COMMA = YES;
				CLANG_WARN_CONSTANT_CONVERSION = YES;
				CLANG_WARN_DIRECT_OBJC_ISA_USAGE = YES_ERROR;
				CLANG_WARN_DOCUMENTATION_COMMENTS = YES;
				CLANG_WARN_EMPTY_BODY = YES;
				CLANG_WARN_ENUM_CONVERSION = YES;
				CLANG_WARN_INFINITE_RECURSION = YES;
				CLANG_WARN_INT_CONVERSION = YES;
				CLANG_WARN_NON_LITERAL_NULL_CONVERSION = YES;
				CLANG_WARN_OBJC_LITERAL_CONVERSION = YES;
				CLANG_WARN_OBJC_ROOT_CLASS = YES_ERROR;
				CLANG_WARN_RANGE_LOOP_ANALYSIS = YES;
				CLANG_WARN_STRICT_PROTOTYPES = YES;
				CLANG_WARN_SUSPICIOUS_MOVE = YES;
				CLANG_WARN_UNGUARDED_AVAILABILITY = YES_AGGRESSIVE;
				CLANG_WARN_UNREACHABLE_CODE = YES;
				CLANG_WARN__DUPLICATE_METHOD_MATCH = YES;
				CODE_SIGN_IDENTITY = "iPhone Developer";
				COPY_PHASE_STRIP = NO;
				DEBUG_INFORMATION_FORMAT = dwarf;
				ENABLE_STRICT_OBJC_MSGSEND = YES;
				ENABLE_TESTABILITY = YES;
				GCC_C_LANGUAGE_STANDARD = gnu11;
				GCC_DYNAMIC_NO_PIC = NO;
				GCC_NO_COMMON_BLOCKS = YES;
				GCC_OPTIMIZATION_LEVEL = 0;
				GCC_PREPROCESSOR_DEFINITIONS = (
					"DEBUG=1",
					"$(inherited)",
				);
				GCC_WARN_64_TO_32_BIT_CONVERSION = YES;
				GCC_WARN_ABOUT_RETURN_TYPE = YES_ERROR;
				GCC_WARN_UNDECLARED_SELECTOR = YES;
				GCC_WARN_UNINITIALIZED_AUTOS = YES_AGGRESSIVE;
				GCC_WARN_UNUSED_FUNCTION = YES;
				GCC_WARN_UNUSED_VARIABLE = YES;
				IPHONEOS_DEPLOYMENT_TARGET = 11.0;
				MTL_ENABLE_DEBUG_INFO = YES;
				ONLY_ACTIVE_ARCH = YES;
				SDKROOT = iphoneos;
			};
			name = Debug;
		};
		224947C41F6431F6001351F1 /* Release */ = {
			isa = XCBuildConfiguration;
			buildSettings = {
				ALWAYS_SEARCH_USER_PATHS = NO;
				CLANG_ANALYZER_NONNULL = YES;
				CLANG_ANALYZER_NUMBER_OBJECT_CONVERSION = YES_AGGRESSIVE;
				CLANG_CXX_LANGUAGE_STANDARD = "gnu++14";
				CLANG_CXX_LIBRARY = "libc++";
				CLANG_ENABLE_MODULES = YES;
				CLANG_ENABLE_OBJC_ARC = YES;
				CLANG_WARN_BLOCK_CAPTURE_AUTORELEASING = YES;
				CLANG_WARN_BOOL_CONVERSION = YES;
				CLANG_WARN_COMMA = YES;
				CLANG_WARN_CONSTANT_CONVERSION = YES;
				CLANG_WARN_DIRECT_OBJC_ISA_USAGE = YES_ERROR;
				CLANG_WARN_DOCUMENTATION_COMMENTS = YES;
				CLANG_WARN_EMPTY_BODY = YES;
				CLANG_WARN_ENUM_CONVERSION = YES;
				CLANG_WARN_INFINITE_RECURSION = YES;
				CLANG_WARN_INT_CONVERSION = YES;
				CLANG_WARN_NON_LITERAL_NULL_CONVERSION = YES;
				CLANG_WARN_OBJC_LITERAL_CONVERSION = YES;
				CLANG_WARN_OBJC_ROOT_CLASS = YES_ERROR;
				CLANG_WARN_RANGE_LOOP_ANALYSIS = YES;
				CLANG_WARN_STRICT_PROTOTYPES = YES;
				CLANG_WARN_SUSPICIOUS_MOVE = YES;
				CLANG_WARN_UNGUARDED_AVAILABILITY = YES_AGGRESSIVE;
				CLANG_WARN_UNREACHABLE_CODE = YES;
				CLANG_WARN__DUPLICATE_METHOD_MATCH = YES;
				CODE_SIGN_IDENTITY = "iPhone Developer";
				COPY_PHASE_STRIP = NO;
				DEBUG_INFORMATION_FORMAT = "dwarf-with-dsym";
				ENABLE_NS_ASSERTIONS = NO;
				ENABLE_STRICT_OBJC_MSGSEND = YES;
				GCC_C_LANGUAGE_STANDARD = gnu11;
				GCC_NO_COMMON_BLOCKS = YES;
				GCC_WARN_64_TO_32_BIT_CONVERSION = YES;
				GCC_WARN_ABOUT_RETURN_TYPE = YES_ERROR;
				GCC_WARN_UNDECLARED_SELECTOR = YES;
				GCC_WARN_UNINITIALIZED_AUTOS = YES_AGGRESSIVE;
				GCC_WARN_UNUSED_FUNCTION = YES;
				GCC_WARN_UNUSED_VARIABLE = YES;
				IPHONEOS_DEPLOYMENT_TARGET = 11.0;
				MTL_ENABLE_DEBUG_INFO = NO;
				SDKROOT = iphoneos;
				VALIDATE_PRODUCT = YES;
			};
			name = Release;
		};
		224947C61F6431F6001351F1 /* Debug */ = {
			isa = XCBuildConfiguration;
			buildSettings = {
				DEVELOPMENT_TEAM = MH4ZLK687Z;
				HEADER_SEARCH_PATHS = "$(SRCROOT)/../../../react-native/React/**";
				OTHER_LDFLAGS = "-ObjC";
				PRODUCT_NAME = "$(TARGET_NAME)";
				SKIP_INSTALL = YES;
				TARGETED_DEVICE_FAMILY = "1,2";
			};
			name = Debug;
		};
		224947C71F6431F6001351F1 /* Release */ = {
			isa = XCBuildConfiguration;
			buildSettings = {
				DEVELOPMENT_TEAM = MH4ZLK687Z;
				HEADER_SEARCH_PATHS = "$(SRCROOT)/../../../react-native/React/**";
				OTHER_LDFLAGS = "-ObjC";
				PRODUCT_NAME = "$(TARGET_NAME)";
				SKIP_INSTALL = YES;
				TARGETED_DEVICE_FAMILY = "1,2";
			};
			name = Release;
		};
/* End XCBuildConfiguration section */

/* Begin XCConfigurationList section */
		224947B71F6431F6001351F1 /* Build configuration list for PBXProject "CalendarManager" */ = {
			isa = XCConfigurationList;
			buildConfigurations = (
				224947C31F6431F6001351F1 /* Debug */,
				224947C41F6431F6001351F1 /* Release */,
			);
			defaultConfigurationIsVisible = 0;
			defaultConfigurationName = Release;
		};
		224947C51F6431F6001351F1 /* Build configuration list for PBXNativeTarget "CalendarManager" */ = {
			isa = XCConfigurationList;
			buildConfigurations = (
				224947C61F6431F6001351F1 /* Debug */,
				224947C71F6431F6001351F1 /* Release */,
			);
			defaultConfigurationIsVisible = 0;
			defaultConfigurationName = Release;
		};
/* End XCConfigurationList section */
	};
	rootObject = 224947B41F6431F6001351F1 /* Project object */;
}
