PODS:
  - CocoaAsyncSocket (7.6.2)
  - DACircularProgress (2.3.1)
  - EaseUILite (3.3.2):
    - HyphenateLite (~> 3.3.2)
    - MJRefresh (~> 3.1.0)
    - MWPhotoBrowser (~> 2.1.1)
  - GPUImage (0.1.7)
  - HappyDNS (0.3.12)
  - HyphenateLite (3.3.9)
  - MBProgressHUD (0.9.2)
  - MJRefresh (3.1.15.3)
  - MWPhotoBrowser (2.1.2):
    - DACircularProgress (~> 2.3)
    - MBProgressHUD (~> 0.9)
    - SDWebImage (!= 3.7.2, ~> 3.7)
  - MyLayout (1.5.0)
  - NerdyUI (1.2.1):
    - NerdyUI/Chainable (= 1.2.1)
    - NerdyUI/Private (= 1.2.1)
    - NerdyUI/Public (= 1.2.1)
  - NerdyUI/Chainable (1.2.1):
    - NerdyUI/Private
    - NerdyUI/Public
  - NerdyUI/Private (1.2.1)
  - NerdyUI/Public (1.2.1):
    - NerdyUI/Private
  - pili-librtmp (1.0.7)
  - PLMediaStreamingKit (2.3.1):
    - PLMediaStreamingKit/iphoneos (= 2.3.1)
  - PLMediaStreamingKit/iphoneos (2.3.1)
  - QBImagePickerController (3.4.0)
  - Qiniu (7.2.3):
    - HappyDNS (~> 0.3)
  - RSKImageCropper (2.0.0)
  - SDWebImage (3.8.2):
    - SDWebImage/Core (= 3.8.2)
  - SDWebImage/Core (3.8.2)

DEPENDENCIES:
  - CocoaAsyncSocket
  - EaseUILite (from `https://github.com/easemob/easeui-ios-hyphenate-cocoapods.git`, tag `3.3.2`)
  - GPUImage
  - HyphenateLite
  - MyLayout
  - NerdyUI
  - pili-librtmp
  - PLMediaStreamingKit
  - QBImagePickerController
  - Qiniu
  - RSKImageCropper

EXTERNAL SOURCES:
  EaseUILite:
    :git: https://github.com/easemob/easeui-ios-hyphenate-cocoapods.git
    :tag: 3.3.2

CHECKOUT OPTIONS:
  EaseUILite:
    :git: https://github.com/easemob/easeui-ios-hyphenate-cocoapods.git
    :tag: 3.3.2

SPEC CHECKSUMS:
  CocoaAsyncSocket: 3541e024f48c54b251638ef72d51dd42808de932
  DACircularProgress: 4dd437c0fc3da5161cb289e07ac449493d41db71
  EaseUILite: b30865415dfea22b5453c6d7eb5c737f84e5ed84
  GPUImage: 733a5f0fab92df9de1c37ba9df520a833ccb406d
  HappyDNS: 691a3041128055d09866f86e6e9ca90f24da1f18
  HyphenateLite: ea4401abe02101c627e4adc989b01ae21ca63f27
  MBProgressHUD: 1569cf7ace17a8bac47aabfbb8580a49690386d1
  MJRefresh: b48380ae2b927b46c4ef000de9adb8dc748e1df7
  MWPhotoBrowser: 5836d7aa041dc05a13de380c246826578adc5ea5
  MyLayout: a80c782879ab1d689b737f7f3373fbf66407941d
  NerdyUI: ae4506046b544a5cdc0873a58c1ece61b29631d0
  pili-librtmp: e8a06a45b0a1a166c48ae6dc718171c0963f32ea
  PLMediaStreamingKit: 0ce240ed28fe73b2132ce0810190728799700da7
  QBImagePickerController: d54cf93db6decf26baf6ed3472f336ef35cae022
  Qiniu: ae0fea1cc379fae1560d8748ac537e0fbeb8626e
  RSKImageCropper: d9a1acbc0600bf8decc8f0d21895872c99a9e4cf
  SDWebImage: 098e97e6176540799c27e804c96653ee0833d13c

PODFILE CHECKSUM: 3e97c0bb80d9fb92aa215d4c81685adbca1418c7

COCOAPODS: 1.4.0
